
Microsoft Visual Studio Solution File, Format Version 11.00
# Visual Studio 2010
Project("{FAE04EC0-301F-11D3-BF4B-00C04F79EFBC}") = "TimerQueueTimerSandbox", "TimerQueueTimerSandbox\TimerQueueTimerSandbox.csproj", "{78CC6E83-9135-4659-BD00-E5D0D90D82EE}"
EndProject
Project("{FAE04EC0-301F-11D3-BF4B-00C04F79EFBC}") = "TimerQueueTimer", "TimerQueueTimer\TimerQueueTimer.csproj", "{A3B45C95-AA12-40A1-AB6A-D1F55E65F2F4}"
EndProject
Global
	GlobalSection(SolutionConfigurationPlatforms) = preSolution
		Debug|Any CPU = Debug|Any CPU
		Release|Any CPU = Release|Any CPU
	EndGlobalSection
	GlobalSection(ProjectConfigurationPlatforms) = postSolution
		{78CC6E83-9135-4659-BD00-E5D0D90D82EE}.Debug|Any CPU.ActiveCfg = Debug|Any CPU
		{78CC6E83-9135-4659-BD00-E5D0D90D82EE}.Debug|Any CPU.Build.0 = Debug|Any CPU
		{78CC6E83-9135-4659-BD00-E5D0D90D82EE}.Release|Any CPU.ActiveCfg = Release|Any CPU
		{78CC6E83-9135-4659-BD00-E5D0D90D82EE}.Release|Any CPU.Build.0 = Release|Any CPU
		{A3B45C95-AA12-40A1-AB6A-D1F55E65F2F4}.Debug|Any CPU.ActiveCfg = Debug|Any CPU
		{A3B45C95-AA12-40A1-AB6A-D1F55E65F2F4}.Debug|Any CPU.Build.0 = Debug|Any CPU
		{A3B45C95-AA12-40A1-AB6A-D1F55E65F2F4}.Release|Any CPU.ActiveCfg = Release|Any CPU
		{A3B45C95-AA12-40A1-AB6A-D1F55E65F2F4}.Release|Any CPU.Build.0 = Release|Any CPU
	EndGlobalSection
	GlobalSection(SolutionProperties) = preSolution
		HideSolutionNode = FALSE
	EndGlobalSection
EndGlobal
